
Microsoft Visual Studio Solution File, Format Version 12.00
# Visual Studio Version 17
VisualStudioVersion = 17.7.34221.43
MinimumVisualStudioVersion = 10.0.40219.1
Project("{FAE04EC0-301F-11D3-BF4B-00C04F79EFBC}") = "LearningBoolVariables", "LearningBoolVariables\LearningBoolVariables.csproj", "{35EE2C00-E72D-4D1C-B6CC-1FB50C8D4AA1}"
EndProject
Global
	GlobalSection(SolutionConfigurationPlatforms) = preSolution
		Debug|Any CPU = Debug|Any CPU
		Release|Any CPU = Release|Any CPU
	EndGlobalSection
	GlobalSection(ProjectConfigurationPlatforms) = postSolution
		{35EE2C00-E72D-4D1C-B6CC-1FB50C8D4AA1}.Debug|Any CPU.ActiveCfg = Debug|Any CPU
		{35EE2C00-E72D-4D1C-B6CC-1FB50C8D4AA1}.Debug|Any CPU.Build.0 = Debug|Any CPU
		{35EE2C00-E72D-4D1C-B6CC-1FB50C8D4AA1}.Release|Any CPU.ActiveCfg = Release|Any CPU
		{35EE2C00-E72D-4D1C-B6CC-1FB50C8D4AA1}.Release|Any CPU.Build.0 = Release|Any CPU
	EndGlobalSection
	GlobalSection(SolutionProperties) = preSolution
		HideSolutionNode = FALSE
	EndGlobalSection
	GlobalSection(ExtensibilityGlobals) = postSolution
		SolutionGuid = {C8583E62-BA32-4752-B4F3-D5A7368667BF}
	EndGlobalSection
EndGlobal
